
Microsoft Visual Studio Solution File, Format Version 12.00
# Visual Studio 15
VisualStudioVersion = 15.0.26730.10
MinimumVisualStudioVersion = 10.0.40219.1
Project("{FAE04EC0-301F-11D3-BF4B-00C04F79EFBC}") = "FunctionalSharp.OptionTypes", "FunctionalSharp.OptionTypes\FunctionalSharp.OptionTypes.csproj", "{FB50CFF1-4E8B-4DFB-83B5-43096DE4C3FE}"
EndProject
Project("{FAE04EC0-301F-11D3-BF4B-00C04F79EFBC}") = "FunctionalSharp.PatternMatching", "FunctionalSharp.PatternMatching\FunctionalSharp.PatternMatching.csproj", "{4521AECB-844A-4DE8-887C-65FA16F089DD}"
EndProject
Project("{FAE04EC0-301F-11D3-BF4B-00C04F79EFBC}") = "FunctionalSharp.PatternMatching.DiscriminatedUnions", "FunctionalSharp.PatternMatching.DiscriminatedUnions\FunctionalSharp.PatternMatching.DiscriminatedUnions.csproj", "{CB600623-EFA3-4E4D-ACB4-5F3DB1B82580}"
EndProject
Project("{FAE04EC0-301F-11D3-BF4B-00C04F79EFBC}") = "FunctionalSharp.DiscriminatedUnions", "FunctionalSharp.DiscriminatedUnions\FunctionalSharp.DiscriminatedUnions.csproj", "{34C09BA1-B4EC-4550-ADC2-ECA1D7EA7908}"
EndProject
Project("{FAE04EC0-301F-11D3-BF4B-00C04F79EFBC}") = "FunctionalSharp.Tests", "FunctionalSharp.Tests\FunctionalSharp.Tests.csproj", "{F411768C-5601-40E8-9D34-DE99842EC72C}"
EndProject
Global
	GlobalSection(SolutionConfigurationPlatforms) = preSolution
		Debug|Any CPU = Debug|Any CPU
		Release|Any CPU = Release|Any CPU
	EndGlobalSection
	GlobalSection(ProjectConfigurationPlatforms) = postSolution
		{FB50CFF1-4E8B-4DFB-83B5-43096DE4C3FE}.Debug|Any CPU.ActiveCfg = Debug|Any CPU
		{FB50CFF1-4E8B-4DFB-83B5-43096DE4C3FE}.Debug|Any CPU.Build.0 = Debug|Any CPU
		{FB50CFF1-4E8B-4DFB-83B5-43096DE4C3FE}.Release|Any CPU.ActiveCfg = Release|Any CPU
		{FB50CFF1-4E8B-4DFB-83B5-43096DE4C3FE}.Release|Any CPU.Build.0 = Release|Any CPU
		{4521AECB-844A-4DE8-887C-65FA16F089DD}.Debug|Any CPU.ActiveCfg = Debug|Any CPU
		{4521AECB-844A-4DE8-887C-65FA16F089DD}.Debug|Any CPU.Build.0 = Debug|Any CPU
		{4521AECB-844A-4DE8-887C-65FA16F089DD}.Release|Any CPU.ActiveCfg = Release|Any CPU
		{4521AECB-844A-4DE8-887C-65FA16F089DD}.Release|Any CPU.Build.0 = Release|Any CPU
		{CB600623-EFA3-4E4D-ACB4-5F3DB1B82580}.Debug|Any CPU.ActiveCfg = Debug|Any CPU
		{CB600623-EFA3-4E4D-ACB4-5F3DB1B82580}.Debug|Any CPU.Build.0 = Debug|Any CPU
		{CB600623-EFA3-4E4D-ACB4-5F3DB1B82580}.Release|Any CPU.ActiveCfg = Release|Any CPU
		{CB600623-EFA3-4E4D-ACB4-5F3DB1B82580}.Release|Any CPU.Build.0 = Release|Any CPU
		{34C09BA1-B4EC-4550-ADC2-ECA1D7EA7908}.Debug|Any CPU.ActiveCfg = Debug|Any CPU
		{34C09BA1-B4EC-4550-ADC2-ECA1D7EA7908}.Debug|Any CPU.Build.0 = Debug|Any CPU
		{34C09BA1-B4EC-4550-ADC2-ECA1D7EA7908}.Release|Any CPU.ActiveCfg = Release|Any CPU
		{34C09BA1-B4EC-4550-ADC2-ECA1D7EA7908}.Release|Any CPU.Build.0 = Release|Any CPU
		{F411768C-5601-40E8-9D34-DE99842EC72C}.Debug|Any CPU.ActiveCfg = Debug|Any CPU
		{F411768C-5601-40E8-9D34-DE99842EC72C}.Debug|Any CPU.Build.0 = Debug|Any CPU
		{F411768C-5601-40E8-9D34-DE99842EC72C}.Release|Any CPU.ActiveCfg = Release|Any CPU
		{F411768C-5601-40E8-9D34-DE99842EC72C}.Release|Any CPU.Build.0 = Release|Any CPU
	EndGlobalSection
	GlobalSection(SolutionProperties) = preSolution
		HideSolutionNode = FALSE
	EndGlobalSection
	GlobalSection(ExtensibilityGlobals) = postSolution
		SolutionGuid = {F04859FA-8F12-4BA5-84F4-E1FC37629784}
	EndGlobalSection
EndGlobal
